
Microsoft Visual Studio Solution File, Format Version 12.00
# Visual Studio Version 17
VisualStudioVersion = 17.1.32210.238
MinimumVisualStudioVersion = 10.0.40219.1
Project("{FAE04EC0-301F-11D3-BF4B-00C04F79EFBC}") = "REDar", "REDar\REDar.csproj", "{BCAD9850-1417-4EA4-9F79-CE6428641F47}"
EndProject
Global
	GlobalSection(SolutionConfigurationPlatforms) = preSolution
		Debug|Any CPU = Debug|Any CPU
		Release|Any CPU = Release|Any CPU
	EndGlobalSection
	GlobalSection(ProjectConfigurationPlatforms) = postSolution
		{BCAD9850-1417-4EA4-9F79-CE6428641F47}.Debug|Any CPU.ActiveCfg = Debug|Any CPU
		{BCAD9850-1417-4EA4-9F79-CE6428641F47}.Debug|Any CPU.Build.0 = Debug|Any CPU
		{BCAD9850-1417-4EA4-9F79-CE6428641F47}.Release|Any CPU.ActiveCfg = Release|Any CPU
		{BCAD9850-1417-4EA4-9F79-CE6428641F47}.Release|Any CPU.Build.0 = Release|Any CPU
	EndGlobalSection
	GlobalSection(SolutionProperties) = preSolution
		HideSolutionNode = FALSE
	EndGlobalSection
	GlobalSection(ExtensibilityGlobals) = postSolution
		SolutionGuid = {0F3713AE-3E22-434B-97AB-F66FA3CB22F7}
	EndGlobalSection
EndGlobal
